
Microsoft Visual Studio Solution File, Format Version 12.00
# Visual Studio Version 17
VisualStudioVersion = 17.0.31903.59
MinimumVisualStudioVersion = 10.0.40219.1
Project("{FAE04EC0-301F-11D3-BF4B-00C04F79EFBC}") = "Core.Persistence", "Core.Persistence\Core.Persistence.csproj", "{E24CD862-1EC9-4934-BE38-7082F2636129}"
EndProject
Project("{FAE04EC0-301F-11D3-BF4B-00C04F79EFBC}") = "Core.Application", "Core.Application\Core.Application.csproj", "{6AA9BBE3-9D9E-40B1-A214-273E03E6B637}"
EndProject
Project("{FAE04EC0-301F-11D3-BF4B-00C04F79EFBC}") = "Core.CrossCuttingConcerns", "Core.CrossCuttingConcerns\Core.CrossCuttingConcerns.csproj", "{031D4654-825D-44B7-9D81-0A9AB78D6839}"
EndProject
Global
	GlobalSection(SolutionConfigurationPlatforms) = preSolution
		Debug|Any CPU = Debug|Any CPU
		Debug|x64 = Debug|x64
		Debug|x86 = Debug|x86
		Release|Any CPU = Release|Any CPU
		Release|x64 = Release|x64
		Release|x86 = Release|x86
	EndGlobalSection
	GlobalSection(ProjectConfigurationPlatforms) = postSolution
		{E24CD862-1EC9-4934-BE38-7082F2636129}.Debug|Any CPU.ActiveCfg = Debug|Any CPU
		{E24CD862-1EC9-4934-BE38-7082F2636129}.Debug|Any CPU.Build.0 = Debug|Any CPU
		{E24CD862-1EC9-4934-BE38-7082F2636129}.Debug|x64.ActiveCfg = Debug|Any CPU
		{E24CD862-1EC9-4934-BE38-7082F2636129}.Debug|x64.Build.0 = Debug|Any CPU
		{E24CD862-1EC9-4934-BE38-7082F2636129}.Debug|x86.ActiveCfg = Debug|Any CPU
		{E24CD862-1EC9-4934-BE38-7082F2636129}.Debug|x86.Build.0 = Debug|Any CPU
		{E24CD862-1EC9-4934-BE38-7082F2636129}.Release|Any CPU.ActiveCfg = Release|Any CPU
		{E24CD862-1EC9-4934-BE38-7082F2636129}.Release|Any CPU.Build.0 = Release|Any CPU
		{E24CD862-1EC9-4934-BE38-7082F2636129}.Release|x64.ActiveCfg = Release|Any CPU
		{E24CD862-1EC9-4934-BE38-7082F2636129}.Release|x64.Build.0 = Release|Any CPU
		{E24CD862-1EC9-4934-BE38-7082F2636129}.Release|x86.ActiveCfg = Release|Any CPU
		{E24CD862-1EC9-4934-BE38-7082F2636129}.Release|x86.Build.0 = Release|Any CPU
		{6AA9BBE3-9D9E-40B1-A214-273E03E6B637}.Debug|Any CPU.ActiveCfg = Debug|Any CPU
		{6AA9BBE3-9D9E-40B1-A214-273E03E6B637}.Debug|Any CPU.Build.0 = Debug|Any CPU
		{6AA9BBE3-9D9E-40B1-A214-273E03E6B637}.Debug|x64.ActiveCfg = Debug|Any CPU
		{6AA9BBE3-9D9E-40B1-A214-273E03E6B637}.Debug|x64.Build.0 = Debug|Any CPU
		{6AA9BBE3-9D9E-40B1-A214-273E03E6B637}.Debug|x86.ActiveCfg = Debug|Any CPU
		{6AA9BBE3-9D9E-40B1-A214-273E03E6B637}.Debug|x86.Build.0 = Debug|Any CPU
		{6AA9BBE3-9D9E-40B1-A214-273E03E6B637}.Release|Any CPU.ActiveCfg = Release|Any CPU
		{6AA9BBE3-9D9E-40B1-A214-273E03E6B637}.Release|Any CPU.Build.0 = Release|Any CPU
		{6AA9BBE3-9D9E-40B1-A214-273E03E6B637}.Release|x64.ActiveCfg = Release|Any CPU
		{6AA9BBE3-9D9E-40B1-A214-273E03E6B637}.Release|x64.Build.0 = Release|Any CPU
		{6AA9BBE3-9D9E-40B1-A214-273E03E6B637}.Release|x86.ActiveCfg = Release|Any CPU
		{6AA9BBE3-9D9E-40B1-A214-273E03E6B637}.Release|x86.Build.0 = Release|Any CPU
		{031D4654-825D-44B7-9D81-0A9AB78D6839}.Debug|Any CPU.ActiveCfg = Debug|Any CPU
		{031D4654-825D-44B7-9D81-0A9AB78D6839}.Debug|Any CPU.Build.0 = Debug|Any CPU
		{031D4654-825D-44B7-9D81-0A9AB78D6839}.Debug|x64.ActiveCfg = Debug|Any CPU
		{031D4654-825D-44B7-9D81-0A9AB78D6839}.Debug|x64.Build.0 = Debug|Any CPU
		{031D4654-825D-44B7-9D81-0A9AB78D6839}.Debug|x86.ActiveCfg = Debug|Any CPU
		{031D4654-825D-44B7-9D81-0A9AB78D6839}.Debug|x86.Build.0 = Debug|Any CPU
		{031D4654-825D-44B7-9D81-0A9AB78D6839}.Release|Any CPU.ActiveCfg = Release|Any CPU
		{031D4654-825D-44B7-9D81-0A9AB78D6839}.Release|Any CPU.Build.0 = Release|Any CPU
		{031D4654-825D-44B7-9D81-0A9AB78D6839}.Release|x64.ActiveCfg = Release|Any CPU
		{031D4654-825D-44B7-9D81-0A9AB78D6839}.Release|x64.Build.0 = Release|Any CPU
		{031D4654-825D-44B7-9D81-0A9AB78D6839}.Release|x86.ActiveCfg = Release|Any CPU
		{031D4654-825D-44B7-9D81-0A9AB78D6839}.Release|x86.Build.0 = Release|Any CPU
	EndGlobalSection
	GlobalSection(SolutionProperties) = preSolution
		HideSolutionNode = FALSE
	EndGlobalSection
EndGlobal
